
Microsoft Visual Studio Solution File, Format Version 12.00
# Visual Studio Version 16
VisualStudioVersion = 25.0.1705.2
MinimumVisualStudioVersion = 10.0.40219.1
Project("{FAE04EC0-301F-11D3-BF4B-00C04F79EFBC}") = "TheService", "TheService.csproj", "{6869B602-3D9B-48FD-84C4-2AAEF799FF4F}"
EndProject
Project("{FAE04EC0-301F-11D3-BF4B-00C04F79EFBC}") = "TheClient", "..\TheClient\TheClient.csproj", "{D2FD0527-2231-4989-87FE-FB25D3CD8B71}"
EndProject
Global
	GlobalSection(SolutionConfigurationPlatforms) = preSolution
		Debug|Any CPU = Debug|Any CPU
		Release|Any CPU = Release|Any CPU
	EndGlobalSection
	GlobalSection(ProjectConfigurationPlatforms) = postSolution
		{6869B602-3D9B-48FD-84C4-2AAEF799FF4F}.Debug|Any CPU.ActiveCfg = Debug|Any CPU
		{6869B602-3D9B-48FD-84C4-2AAEF799FF4F}.Debug|Any CPU.Build.0 = Debug|Any CPU
		{6869B602-3D9B-48FD-84C4-2AAEF799FF4F}.Release|Any CPU.ActiveCfg = Release|Any CPU
		{6869B602-3D9B-48FD-84C4-2AAEF799FF4F}.Release|Any CPU.Build.0 = Release|Any CPU
		{D2FD0527-2231-4989-87FE-FB25D3CD8B71}.Debug|Any CPU.ActiveCfg = Debug|Any CPU
		{D2FD0527-2231-4989-87FE-FB25D3CD8B71}.Debug|Any CPU.Build.0 = Debug|Any CPU
		{D2FD0527-2231-4989-87FE-FB25D3CD8B71}.Release|Any CPU.ActiveCfg = Release|Any CPU
		{D2FD0527-2231-4989-87FE-FB25D3CD8B71}.Release|Any CPU.Build.0 = Release|Any CPU
	EndGlobalSection
	GlobalSection(SolutionProperties) = preSolution
		HideSolutionNode = FALSE
	EndGlobalSection
	GlobalSection(ExtensibilityGlobals) = postSolution
		SolutionGuid = {9DDA0F4B-465F-41F5-8A52-97DCD0292C13}
	EndGlobalSection
EndGlobal
